// !$*UTF8*$!
{
	archiveVersion = 1;
	classes = {
	};
	objectVersion = 48;
	objects = {

/* Begin PBXBuildFile section */
		E3522A4F1F7B51D3007FA16F /* JeremyHome.storyboard in Resources */ = {isa = PBXBuildFile; fileRef = E3522A4E1F7B51D3007FA16F /* JeremyHome.storyboard */; };
		E3522A751F7B79CA007FA16F /* GamersViewController.swift in Sources */ = {isa = PBXBuildFile; fileRef = E3522A741F7B79CA007FA16F /* GamersViewController.swift */; };
		E3522A771F7B79F6007FA16F /* TournamentsViewController.swift in Sources */ = {isa = PBXBuildFile; fileRef = E3522A761F7B79F6007FA16F /* TournamentsViewController.swift */; };
		E3522A791F7BA75E007FA16F /* TeamsViewController.swift in Sources */ = {isa = PBXBuildFile; fileRef = E3522A781F7BA75E007FA16F /* TeamsViewController.swift */; };
		E3522A821F7BFB27007FA16F /* Universal Functions.swift in Sources */ = {isa = PBXBuildFile; fileRef = E3522A811F7BFB27007FA16F /* Universal Functions.swift */; };
		E3522A851F7C04D3007FA16F /* TournamentTableViewCell.swift in Sources */ = {isa = PBXBuildFile; fileRef = E3522A831F7C04D3007FA16F /* TournamentTableViewCell.swift */; };
		E3522A861F7C04D3007FA16F /* TournamentTableViewCell.xib in Resources */ = {isa = PBXBuildFile; fileRef = E3522A841F7C04D3007FA16F /* TournamentTableViewCell.xib */; };
		E3A752C71F7A581D00AD9244 /* LoginViewController.swift in Sources */ = {isa = PBXBuildFile; fileRef = E3A752C61F7A581D00AD9244 /* LoginViewController.swift */; };
		E3F4DB781F79F6100088E174 /* AppDelegate.swift in Sources */ = {isa = PBXBuildFile; fileRef = E3F4DB771F79F6100088E174 /* AppDelegate.swift */; };
		E3F4DB7D1F79F6100088E174 /* Main.storyboard in Resources */ = {isa = PBXBuildFile; fileRef = E3F4DB7B1F79F6100088E174 /* Main.storyboard */; };
		E3F4DB801F79F6100088E174 /* eSponsorship.xcdatamodeld in Sources */ = {isa = PBXBuildFile; fileRef = E3F4DB7E1F79F6100088E174 /* eSponsorship.xcdatamodeld */; };
		E3F4DB821F79F6100088E174 /* Assets.xcassets in Resources */ = {isa = PBXBuildFile; fileRef = E3F4DB811F79F6100088E174 /* Assets.xcassets */; };
		E3F4DB851F79F6100088E174 /* LaunchScreen.storyboard in Resources */ = {isa = PBXBuildFile; fileRef = E3F4DB831F79F6100088E174 /* LaunchScreen.storyboard */; };
		E52CFE236ECF96708D93D555 /* Pods_eSponsorship.framework in Frameworks */ = {isa = PBXBuildFile; fileRef = AAD3B7E272D522F4880B8953 /* Pods_eSponsorship.framework */; };
		FD1AF8C31F7C9FA50058C182 /* HomeViewController.swift in Sources */ = {isa = PBXBuildFile; fileRef = FD1AF8C21F7C9FA50058C182 /* HomeViewController.swift */; };
		FD2D38301F7BC10900F53525 /* Post.swift in Sources */ = {isa = PBXBuildFile; fileRef = FD2D382F1F7BC10900F53525 /* Post.swift */; };
		FD2D38321F7BC1B300F53525 /* PostTableViewCell.swift in Sources */ = {isa = PBXBuildFile; fileRef = FD2D38311F7BC1B300F53525 /* PostTableViewCell.swift */; };
		FD2D38341F7BC2D000F53525 /* myExtension.swift in Sources */ = {isa = PBXBuildFile; fileRef = FD2D38331F7BC2D000F53525 /* myExtension.swift */; };
		FD2D38371F7BC7DD00F53525 /* Home.storyboard in Resources */ = {isa = PBXBuildFile; fileRef = FD2D382C1F7BBED300F53525 /* Home.storyboard */; };
		FDA378111F7A3B3B00195EAC /* GoogleService-Info.plist in Resources */ = {isa = PBXBuildFile; fileRef = E3F4DB8C1F79F68B0088E174 /* GoogleService-Info.plist */; };
		FDA378131F7A4EEB00195EAC /* Auth.storyboard in Resources */ = {isa = PBXBuildFile; fileRef = FDA378121F7A4EEB00195EAC /* Auth.storyboard */; };
		FDA378151F7A567D00195EAC /* OnboardController.swift in Sources */ = {isa = PBXBuildFile; fileRef = FDA378141F7A567D00195EAC /* OnboardController.swift */; };
		FDBAA9961F7A0BF7003FB159 /* Users.swift in Sources */ = {isa = PBXBuildFile; fileRef = FDBAA9951F7A0BF7003FB159 /* Users.swift */; };
		FDBAA9981F7A0FC4003FB159 /* SignUpViewController.swift in Sources */ = {isa = PBXBuildFile; fileRef = FDBAA9971F7A0FC4003FB159 /* SignUpViewController.swift */; };
		FDE10F411F7B4DD000F2BB79 /* TourViewController.swift in Sources */ = {isa = PBXBuildFile; fileRef = FDE10F401F7B4DD000F2BB79 /* TourViewController.swift */; };
		FDE10F431F7B4FB400F2BB79 /* addTourViewController.swift in Sources */ = {isa = PBXBuildFile; fileRef = FDE10F421F7B4FB400F2BB79 /* addTourViewController.swift */; };
		FDE10F441F7B5BC900F2BB79 /* Info.plist in Resources */ = {isa = PBXBuildFile; fileRef = E3F4DB861F79F6100088E174 /* Info.plist */; };
/* End PBXBuildFile section */

/* Begin PBXFileReference section */
		3B2820F88C8596FC71644B58 /* Pods-eSponsorship.debug.xcconfig */ = {isa = PBXFileReference; includeInIndex = 1; lastKnownFileType = text.xcconfig; name = "Pods-eSponsorship.debug.xcconfig"; path = "Pods/Target Support Files/Pods-eSponsorship/Pods-eSponsorship.debug.xcconfig"; sourceTree = "<group>"; };
		AAD3B7E272D522F4880B8953 /* Pods_eSponsorship.framework */ = {isa = PBXFileReference; explicitFileType = wrapper.framework; includeInIndex = 0; path = Pods_eSponsorship.framework; sourceTree = BUILT_PRODUCTS_DIR; };
		E3522A4E1F7B51D3007FA16F /* JeremyHome.storyboard */ = {isa = PBXFileReference; lastKnownFileType = file.storyboard; path = JeremyHome.storyboard; sourceTree = "<group>"; };
		E3522A741F7B79CA007FA16F /* GamersViewController.swift */ = {isa = PBXFileReference; lastKnownFileType = sourcecode.swift; name = GamersViewController.swift; path = eSponsorship/Controller/GamersViewController.swift; sourceTree = SOURCE_ROOT; };
		E3522A761F7B79F6007FA16F /* TournamentsViewController.swift */ = {isa = PBXFileReference; lastKnownFileType = sourcecode.swift; name = TournamentsViewController.swift; path = eSponsorship/Controller/TournamentsViewController.swift; sourceTree = SOURCE_ROOT; };
		E3522A781F7BA75E007FA16F /* TeamsViewController.swift */ = {isa = PBXFileReference; lastKnownFileType = sourcecode.swift; name = TeamsViewController.swift; path = eSponsorship/Controller/TeamsViewController.swift; sourceTree = SOURCE_ROOT; };
		E3522A811F7BFB27007FA16F /* Universal Functions.swift */ = {isa = PBXFileReference; lastKnownFileType = sourcecode.swift; path = "Universal Functions.swift"; sourceTree = "<group>"; };
		E3522A831F7C04D3007FA16F /* TournamentTableViewCell.swift */ = {isa = PBXFileReference; lastKnownFileType = sourcecode.swift; path = TournamentTableViewCell.swift; sourceTree = "<group>"; };
		E3522A841F7C04D3007FA16F /* TournamentTableViewCell.xib */ = {isa = PBXFileReference; lastKnownFileType = file.xib; path = TournamentTableViewCell.xib; sourceTree = "<group>"; };
		E3A752C61F7A581D00AD9244 /* LoginViewController.swift */ = {isa = PBXFileReference; lastKnownFileType = sourcecode.swift; path = LoginViewController.swift; sourceTree = "<group>"; };
		E3F4DB741F79F6100088E174 /* eSponsorship.app */ = {isa = PBXFileReference; explicitFileType = wrapper.application; includeInIndex = 0; path = eSponsorship.app; sourceTree = BUILT_PRODUCTS_DIR; };
		E3F4DB771F79F6100088E174 /* AppDelegate.swift */ = {isa = PBXFileReference; lastKnownFileType = sourcecode.swift; path = AppDelegate.swift; sourceTree = "<group>"; };
		E3F4DB7C1F79F6100088E174 /* Base */ = {isa = PBXFileReference; lastKnownFileType = file.storyboard; name = Base; path = Base.lproj/Main.storyboard; sourceTree = "<group>"; };
		E3F4DB7F1F79F6100088E174 /* eSponsorship.xcdatamodel */ = {isa = PBXFileReference; lastKnownFileType = wrapper.xcdatamodel; path = eSponsorship.xcdatamodel; sourceTree = "<group>"; };
		E3F4DB811F79F6100088E174 /* Assets.xcassets */ = {isa = PBXFileReference; lastKnownFileType = folder.assetcatalog; path = Assets.xcassets; sourceTree = "<group>"; };
		E3F4DB841F79F6100088E174 /* Base */ = {isa = PBXFileReference; lastKnownFileType = file.storyboard; name = Base; path = Base.lproj/LaunchScreen.storyboard; sourceTree = "<group>"; };
		E3F4DB861F79F6100088E174 /* Info.plist */ = {isa = PBXFileReference; lastKnownFileType = text.plist.xml; path = Info.plist; sourceTree = "<group>"; };
		E3F4DB8C1F79F68B0088E174 /* GoogleService-Info.plist */ = {isa = PBXFileReference; lastKnownFileType = text.plist.xml; path = "GoogleService-Info.plist"; sourceTree = "<group>"; };
		E8D1F635BD38230403636730 /* Pods-eSponsorship.release.xcconfig */ = {isa = PBXFileReference; includeInIndex = 1; lastKnownFileType = text.xcconfig; name = "Pods-eSponsorship.release.xcconfig"; path = "Pods/Target Support Files/Pods-eSponsorship/Pods-eSponsorship.release.xcconfig"; sourceTree = "<group>"; };
		FD1AF8C21F7C9FA50058C182 /* HomeViewController.swift */ = {isa = PBXFileReference; lastKnownFileType = sourcecode.swift; path = HomeViewController.swift; sourceTree = "<group>"; };
		FD2D382C1F7BBED300F53525 /* Home.storyboard */ = {isa = PBXFileReference; lastKnownFileType = file.storyboard; name = Home.storyboard; path = /Users/salemabdulla/eSponsorship/eSponsorship/Storyboard/Home.storyboard; sourceTree = "<absolute>"; };
		FD2D382F1F7BC10900F53525 /* Post.swift */ = {isa = PBXFileReference; lastKnownFileType = sourcecode.swift; path = Post.swift; sourceTree = "<group>"; };
		FD2D38311F7BC1B300F53525 /* PostTableViewCell.swift */ = {isa = PBXFileReference; lastKnownFileType = sourcecode.swift; path = PostTableViewCell.swift; sourceTree = "<group>"; };
		FD2D38331F7BC2D000F53525 /* myExtension.swift */ = {isa = PBXFileReference; lastKnownFileType = sourcecode.swift; path = myExtension.swift; sourceTree = "<group>"; };
		FDA378121F7A4EEB00195EAC /* Auth.storyboard */ = {isa = PBXFileReference; lastKnownFileType = file.storyboard; path = Auth.storyboard; sourceTree = "<group>"; };
		FDA378141F7A567D00195EAC /* OnboardController.swift */ = {isa = PBXFileReference; lastKnownFileType = sourcecode.swift; path = OnboardController.swift; sourceTree = "<group>"; };
		FDBAA9951F7A0BF7003FB159 /* Users.swift */ = {isa = PBXFileReference; lastKnownFileType = sourcecode.swift; path = Users.swift; sourceTree = "<group>"; };
		FDBAA9971F7A0FC4003FB159 /* SignUpViewController.swift */ = {isa = PBXFileReference; lastKnownFileType = sourcecode.swift; path = SignUpViewController.swift; sourceTree = "<group>"; };
		FDE10F401F7B4DD000F2BB79 /* TourViewController.swift */ = {isa = PBXFileReference; lastKnownFileType = sourcecode.swift; path = TourViewController.swift; sourceTree = "<group>"; };
		FDE10F421F7B4FB400F2BB79 /* addTourViewController.swift */ = {isa = PBXFileReference; lastKnownFileType = sourcecode.swift; path = addTourViewController.swift; sourceTree = "<group>"; };
/* End PBXFileReference section */

/* Begin PBXFrameworksBuildPhase section */
		E3F4DB711F79F6100088E174 /* Frameworks */ = {
			isa = PBXFrameworksBuildPhase;
			buildActionMask = 2147483647;
			files = (
				E52CFE236ECF96708D93D555 /* Pods_eSponsorship.framework in Frameworks */,
			);
			runOnlyForDeploymentPostprocessing = 0;
		};
/* End PBXFrameworksBuildPhase section */

/* Begin PBXGroup section */
		20EDD2A6B7206C87F9AD351D /* Frameworks */ = {
			isa = PBXGroup;
			children = (
				AAD3B7E272D522F4880B8953 /* Pods_eSponsorship.framework */,
			);
			name = Frameworks;
			sourceTree = "<group>";
		};
		9995AED24288FC4BF6C136AF /* Pods */ = {
			isa = PBXGroup;
			children = (
				3B2820F88C8596FC71644B58 /* Pods-eSponsorship.debug.xcconfig */,
				E8D1F635BD38230403636730 /* Pods-eSponsorship.release.xcconfig */,
			);
			name = Pods;
			sourceTree = "<group>";
		};
		E3522A801F7BFAE4007FA16F /* Utilities */ = {
			isa = PBXGroup;
			children = (
				E3522A871F7C0DEE007FA16F /* Custom Cells */,
				E3522A811F7BFB27007FA16F /* Universal Functions.swift */,
			);
			path = Utilities;
			sourceTree = "<group>";
		};
		E3522A871F7C0DEE007FA16F /* Custom Cells */ = {
			isa = PBXGroup;
			children = (
				E3522A831F7C04D3007FA16F /* TournamentTableViewCell.swift */,
				E3522A841F7C04D3007FA16F /* TournamentTableViewCell.xib */,
			);
			path = "Custom Cells";
			sourceTree = "<group>";
		};
		E3A752C81F7A582B00AD9244 /* Storyboard */ = {
			isa = PBXGroup;
			children = (
				FD2D382C1F7BBED300F53525 /* Home.storyboard */,
				FDA378121F7A4EEB00195EAC /* Auth.storyboard */,
				E3522A4E1F7B51D3007FA16F /* JeremyHome.storyboard */,
				E3F4DB7B1F79F6100088E174 /* Main.storyboard */,
				E3F4DB831F79F6100088E174 /* LaunchScreen.storyboard */,
			);
			path = Storyboard;
			sourceTree = "<group>";
		};
		E3A752C91F7A583900AD9244 /* Controller */ = {
			isa = PBXGroup;
			children = (
				FDA378141F7A567D00195EAC /* OnboardController.swift */,
				FD2D38331F7BC2D000F53525 /* myExtension.swift */,
				FD2D38311F7BC1B300F53525 /* PostTableViewCell.swift */,
				FD1AF8C21F7C9FA50058C182 /* HomeViewController.swift */,
				FD2D382F1F7BC10900F53525 /* Post.swift */,
				E3A752C61F7A581D00AD9244 /* LoginViewController.swift */,
				FDBAA9971F7A0FC4003FB159 /* SignUpViewController.swift */,
				E3522A741F7B79CA007FA16F /* GamersViewController.swift */,
				E3522A781F7BA75E007FA16F /* TeamsViewController.swift */,
				E3522A761F7B79F6007FA16F /* TournamentsViewController.swift */,
				FDE10F401F7B4DD000F2BB79 /* TourViewController.swift */,
				FDE10F421F7B4FB400F2BB79 /* addTourViewController.swift */,
			);
			path = Controller;
			sourceTree = "<group>";
		};
		E3F4DB6B1F79F6100088E174 = {
			isa = PBXGroup;
			children = (
				E3F4DB761F79F6100088E174 /* eSponsorship */,
				E3F4DB751F79F6100088E174 /* Products */,
				9995AED24288FC4BF6C136AF /* Pods */,
				20EDD2A6B7206C87F9AD351D /* Frameworks */,
			);
			sourceTree = "<group>";
		};
		E3F4DB751F79F6100088E174 /* Products */ = {
			isa = PBXGroup;
			children = (
				E3F4DB741F79F6100088E174 /* eSponsorship.app */,
			);
			name = Products;
			sourceTree = "<group>";
		};
		E3F4DB761F79F6100088E174 /* eSponsorship */ = {
			isa = PBXGroup;
			children = (
				E3F4DB771F79F6100088E174 /* AppDelegate.swift */,
				E3A752C81F7A582B00AD9244 /* Storyboard */,
				E3A752C91F7A583900AD9244 /* Controller */,
				E3522A801F7BFAE4007FA16F /* Utilities */,
				FDBAA9951F7A0BF7003FB159 /* Users.swift */,
				E3F4DB811F79F6100088E174 /* Assets.xcassets */,
				E3F4DB861F79F6100088E174 /* Info.plist */,
				E3F4DB8C1F79F68B0088E174 /* GoogleService-Info.plist */,
				E3F4DB7E1F79F6100088E174 /* eSponsorship.xcdatamodeld */,
			);
			path = eSponsorship;
			sourceTree = "<group>";
		};
/* End PBXGroup section */

/* Begin PBXNativeTarget section */
		E3F4DB731F79F6100088E174 /* eSponsorship */ = {
			isa = PBXNativeTarget;
			buildConfigurationList = E3F4DB891F79F6100088E174 /* Build configuration list for PBXNativeTarget "eSponsorship" */;
			buildPhases = (
				37E992409271492C7748BD3A /* [CP] Check Pods Manifest.lock */,
				E3F4DB701F79F6100088E174 /* Sources */,
				E3F4DB711F79F6100088E174 /* Frameworks */,
				E3F4DB721F79F6100088E174 /* Resources */,
				FD1F7FABDAF4176D0DB2BD3A /* [CP] Embed Pods Frameworks */,
				2E6017C8050429D5675D2649 /* [CP] Copy Pods Resources */,
			);
			buildRules = (
			);
			dependencies = (
			);
			name = eSponsorship;
			productName = eSponsorship;
			productReference = E3F4DB741F79F6100088E174 /* eSponsorship.app */;
			productType = "com.apple.product-type.application";
		};
/* End PBXNativeTarget section */

/* Begin PBXProject section */
		E3F4DB6C1F79F6100088E174 /* Project object */ = {
			isa = PBXProject;
			attributes = {
				LastSwiftUpdateCheck = 0900;
				LastUpgradeCheck = 0900;
				ORGANIZATIONNAME = "Jeremy Tay";
				TargetAttributes = {
					E3F4DB731F79F6100088E174 = {
						CreatedOnToolsVersion = 9.0;
						ProvisioningStyle = Automatic;
					};
				};
			};
			buildConfigurationList = E3F4DB6F1F79F6100088E174 /* Build configuration list for PBXProject "eSponsorship" */;
			compatibilityVersion = "Xcode 8.0";
			developmentRegion = en;
			hasScannedForEncodings = 0;
			knownRegions = (
				en,
				Base,
			);
			mainGroup = E3F4DB6B1F79F6100088E174;
			productRefGroup = E3F4DB751F79F6100088E174 /* Products */;
			projectDirPath = "";
			projectRoot = "";
			targets = (
				E3F4DB731F79F6100088E174 /* eSponsorship */,
			);
		};
/* End PBXProject section */

/* Begin PBXResourcesBuildPhase section */
		E3F4DB721F79F6100088E174 /* Resources */ = {
			isa = PBXResourcesBuildPhase;
			buildActionMask = 2147483647;
			files = (
				FD2D38371F7BC7DD00F53525 /* Home.storyboard in Resources */,
				FDE10F441F7B5BC900F2BB79 /* Info.plist in Resources */,
				FDA378111F7A3B3B00195EAC /* GoogleService-Info.plist in Resources */,
				E3F4DB851F79F6100088E174 /* LaunchScreen.storyboard in Resources */,
				E3522A861F7C04D3007FA16F /* TournamentTableViewCell.xib in Resources */,
				FDA378131F7A4EEB00195EAC /* Auth.storyboard in Resources */,
				E3522A4F1F7B51D3007FA16F /* JeremyHome.storyboard in Resources */,
				E3F4DB821F79F6100088E174 /* Assets.xcassets in Resources */,
				E3F4DB7D1F79F6100088E174 /* Main.storyboard in Resources */,
			);
			runOnlyForDeploymentPostprocessing = 0;
		};
/* End PBXResourcesBuildPhase section */

/* Begin PBXShellScriptBuildPhase section */
		2E6017C8050429D5675D2649 /* [CP] Copy Pods Resources */ = {
			isa = PBXShellScriptBuildPhase;
			buildActionMask = 2147483647;
			files = (
			);
			inputPaths = (
			);
			name = "[CP] Copy Pods Resources";
			outputPaths = (
			);
			runOnlyForDeploymentPostprocessing = 0;
			shellPath = /bin/sh;
			shellScript = "\"${SRCROOT}/Pods/Target Support Files/Pods-eSponsorship/Pods-eSponsorship-resources.sh\"\n";
			showEnvVarsInLog = 0;
		};
		37E992409271492C7748BD3A /* [CP] Check Pods Manifest.lock */ = {
			isa = PBXShellScriptBuildPhase;
			buildActionMask = 2147483647;
			files = (
			);
			inputPaths = (
				"${PODS_PODFILE_DIR_PATH}/Podfile.lock",
				"${PODS_ROOT}/Manifest.lock",
			);
			name = "[CP] Check Pods Manifest.lock";
			outputPaths = (
				"$(DERIVED_FILE_DIR)/Pods-eSponsorship-checkManifestLockResult.txt",
			);
			runOnlyForDeploymentPostprocessing = 0;
			shellPath = /bin/sh;
			shellScript = "diff \"${PODS_PODFILE_DIR_PATH}/Podfile.lock\" \"${PODS_ROOT}/Manifest.lock\" > /dev/null\nif [ $? != 0 ] ; then\n    # print error to STDERR\n    echo \"error: The sandbox is not in sync with the Podfile.lock. Run 'pod install' or update your CocoaPods installation.\" >&2\n    exit 1\nfi\n# This output is used by Xcode 'outputs' to avoid re-running this script phase.\necho \"SUCCESS\" > \"${SCRIPT_OUTPUT_FILE_0}\"\n";
			showEnvVarsInLog = 0;
		};
		FD1F7FABDAF4176D0DB2BD3A /* [CP] Embed Pods Frameworks */ = {
			isa = PBXShellScriptBuildPhase;
			buildActionMask = 2147483647;
			files = (
			);
			inputPaths = (
				"${SRCROOT}/Pods/Target Support Files/Pods-eSponsorship/Pods-eSponsorship-frameworks.sh",
				"${BUILT_PRODUCTS_DIR}/GTMSessionFetcher/GTMSessionFetcher.framework",
				"${BUILT_PRODUCTS_DIR}/GoogleToolboxForMac/GoogleToolboxForMac.framework",
				"${BUILT_PRODUCTS_DIR}/Onboard/Onboard.framework",
				"${BUILT_PRODUCTS_DIR}/leveldb-library/leveldb.framework",
				"${BUILT_PRODUCTS_DIR}/nanopb/nanopb.framework",
			);
			name = "[CP] Embed Pods Frameworks";
			outputPaths = (
				"${TARGET_BUILD_DIR}/${FRAMEWORKS_FOLDER_PATH}/GTMSessionFetcher.framework",
				"${TARGET_BUILD_DIR}/${FRAMEWORKS_FOLDER_PATH}/GoogleToolboxForMac.framework",
				"${TARGET_BUILD_DIR}/${FRAMEWORKS_FOLDER_PATH}/Onboard.framework",
				"${TARGET_BUILD_DIR}/${FRAMEWORKS_FOLDER_PATH}/leveldb.framework",
				"${TARGET_BUILD_DIR}/${FRAMEWORKS_FOLDER_PATH}/nanopb.framework",
			);
			runOnlyForDeploymentPostprocessing = 0;
			shellPath = /bin/sh;
			shellScript = "\"${SRCROOT}/Pods/Target Support Files/Pods-eSponsorship/Pods-eSponsorship-frameworks.sh\"\n";
			showEnvVarsInLog = 0;
		};
/* End PBXShellScriptBuildPhase section */

/* Begin PBXSourcesBuildPhase section */
		E3F4DB701F79F6100088E174 /* Sources */ = {
			isa = PBXSourcesBuildPhase;
			buildActionMask = 2147483647;
			files = (
				E3522A791F7BA75E007FA16F /* TeamsViewController.swift in Sources */,
				FD2D38321F7BC1B300F53525 /* PostTableViewCell.swift in Sources */,
				FDE10F431F7B4FB400F2BB79 /* addTourViewController.swift in Sources */,
				FD1AF8C31F7C9FA50058C182 /* HomeViewController.swift in Sources */,
				E3A752C71F7A581D00AD9244 /* LoginViewController.swift in Sources */,
				FD2D38341F7BC2D000F53525 /* myExtension.swift in Sources */,
				FDBAA9961F7A0BF7003FB159 /* Users.swift in Sources */,
				FDA378151F7A567D00195EAC /* OnboardController.swift in Sources */,
				E3522A851F7C04D3007FA16F /* TournamentTableViewCell.swift in Sources */,
				E3522A751F7B79CA007FA16F /* GamersViewController.swift in Sources */,
				E3522A771F7B79F6007FA16F /* TournamentsViewController.swift in Sources */,
				E3F4DB801F79F6100088E174 /* eSponsorship.xcdatamodeld in Sources */,
				FDE10F411F7B4DD000F2BB79 /* TourViewController.swift in Sources */,
				E3F4DB781F79F6100088E174 /* AppDelegate.swift in Sources */,
				FDBAA9981F7A0FC4003FB159 /* SignUpViewController.swift in Sources */,
				E3522A821F7BFB27007FA16F /* Universal Functions.swift in Sources */,
				FD2D38301F7BC10900F53525 /* Post.swift in Sources */,
			);
			runOnlyForDeploymentPostprocessing = 0;
		};
/* End PBXSourcesBuildPhase section */

/* Begin PBXVariantGroup section */
		E3F4DB7B1F79F6100088E174 /* Main.storyboard */ = {
			isa = PBXVariantGroup;
			children = (
				E3F4DB7C1F79F6100088E174 /* Base */,
			);
			name = Main.storyboard;
			sourceTree = "<group>";
		};
		E3F4DB831F79F6100088E174 /* LaunchScreen.storyboard */ = {
			isa = PBXVariantGroup;
			children = (
				E3F4DB841F79F6100088E174 /* Base */,
			);
			name = LaunchScreen.storyboard;
			sourceTree = "<group>";
		};
/* End PBXVariantGroup section */

/* Begin XCBuildConfiguration section */
		E3F4DB871F79F6100088E174 /* Debug */ = {
			isa = XCBuildConfiguration;
			buildSettings = {
				ALWAYS_SEARCH_USER_PATHS = NO;
				CLANG_ANALYZER_NONNULL = YES;
				CLANG_ANALYZER_NUMBER_OBJECT_CONVERSION = YES_AGGRESSIVE;
				CLANG_CXX_LANGUAGE_STANDARD = "gnu++14";
				CLANG_CXX_LIBRARY = "libc++";
				CLANG_ENABLE_MODULES = YES;
				CLANG_ENABLE_OBJC_ARC = YES;
				CLANG_WARN_BLOCK_CAPTURE_AUTORELEASING = YES;
				CLANG_WARN_BOOL_CONVERSION = YES;
				CLANG_WARN_COMMA = YES;
				CLANG_WARN_CONSTANT_CONVERSION = YES;
				CLANG_WARN_DIRECT_OBJC_ISA_USAGE = YES_ERROR;
				CLANG_WARN_DOCUMENTATION_COMMENTS = YES;
				CLANG_WARN_EMPTY_BODY = YES;
				CLANG_WARN_ENUM_CONVERSION = YES;
				CLANG_WARN_INFINITE_RECURSION = YES;
				CLANG_WARN_INT_CONVERSION = YES;
				CLANG_WARN_NON_LITERAL_NULL_CONVERSION = YES;
				CLANG_WARN_OBJC_LITERAL_CONVERSION = YES;
				CLANG_WARN_OBJC_ROOT_CLASS = YES_ERROR;
				CLANG_WARN_RANGE_LOOP_ANALYSIS = YES;
				CLANG_WARN_STRICT_PROTOTYPES = YES;
				CLANG_WARN_SUSPICIOUS_MOVE = YES;
				CLANG_WARN_UNGUARDED_AVAILABILITY = YES_AGGRESSIVE;
				CLANG_WARN_UNREACHABLE_CODE = YES;
				CLANG_WARN__DUPLICATE_METHOD_MATCH = YES;
				CODE_SIGN_IDENTITY = "iPhone Developer";
				COPY_PHASE_STRIP = NO;
				DEBUG_INFORMATION_FORMAT = dwarf;
				ENABLE_STRICT_OBJC_MSGSEND = YES;
				ENABLE_TESTABILITY = YES;
				GCC_C_LANGUAGE_STANDARD = gnu11;
				GCC_DYNAMIC_NO_PIC = NO;
				GCC_NO_COMMON_BLOCKS = YES;
				GCC_OPTIMIZATION_LEVEL = 0;
				GCC_PREPROCESSOR_DEFINITIONS = (
					"DEBUG=1",
					"$(inherited)",
				);
				GCC_WARN_64_TO_32_BIT_CONVERSION = YES;
				GCC_WARN_ABOUT_RETURN_TYPE = YES_ERROR;
				GCC_WARN_UNDECLARED_SELECTOR = YES;
				GCC_WARN_UNINITIALIZED_AUTOS = YES_AGGRESSIVE;
				GCC_WARN_UNUSED_FUNCTION = YES;
				GCC_WARN_UNUSED_VARIABLE = YES;
				IPHONEOS_DEPLOYMENT_TARGET = 11.0;
				MTL_ENABLE_DEBUG_INFO = YES;
				ONLY_ACTIVE_ARCH = YES;
				SDKROOT = iphoneos;
				SWIFT_ACTIVE_COMPILATION_CONDITIONS = DEBUG;
				SWIFT_OPTIMIZATION_LEVEL = "-Onone";
			};
			name = Debug;
		};
		E3F4DB881F79F6100088E174 /* Release */ = {
			isa = XCBuildConfiguration;
			buildSettings = {
				ALWAYS_SEARCH_USER_PATHS = NO;
				CLANG_ANALYZER_NONNULL = YES;
				CLANG_ANALYZER_NUMBER_OBJECT_CONVERSION = YES_AGGRESSIVE;
				CLANG_CXX_LANGUAGE_STANDARD = "gnu++14";
				CLANG_CXX_LIBRARY = "libc++";
				CLANG_ENABLE_MODULES = YES;
				CLANG_ENABLE_OBJC_ARC = YES;
				CLANG_WARN_BLOCK_CAPTURE_AUTORELEASING = YES;
				CLANG_WARN_BOOL_CONVERSION = YES;
				CLANG_WARN_COMMA = YES;
				CLANG_WARN_CONSTANT_CONVERSION = YES;
				CLANG_WARN_DIRECT_OBJC_ISA_USAGE = YES_ERROR;
				CLANG_WARN_DOCUMENTATION_COMMENTS = YES;
				CLANG_WARN_EMPTY_BODY = YES;
				CLANG_WARN_ENUM_CONVERSION = YES;
				CLANG_WARN_INFINITE_RECURSION = YES;
				CLANG_WARN_INT_CONVERSION = YES;
				CLANG_WARN_NON_LITERAL_NULL_CONVERSION = YES;
				CLANG_WARN_OBJC_LITERAL_CONVERSION = YES;
				CLANG_WARN_OBJC_ROOT_CLASS = YES_ERROR;
				CLANG_WARN_RANGE_LOOP_ANALYSIS = YES;
				CLANG_WARN_STRICT_PROTOTYPES = YES;
				CLANG_WARN_SUSPICIOUS_MOVE = YES;
				CLANG_WARN_UNGUARDED_AVAILABILITY = YES_AGGRESSIVE;
				CLANG_WARN_UNREACHABLE_CODE = YES;
				CLANG_WARN__DUPLICATE_METHOD_MATCH = YES;
				CODE_SIGN_IDENTITY = "iPhone Developer";
				COPY_PHASE_STRIP = NO;
				DEBUG_INFORMATION_FORMAT = "dwarf-with-dsym";
				ENABLE_NS_ASSERTIONS = NO;
				ENABLE_STRICT_OBJC_MSGSEND = YES;
				GCC_C_LANGUAGE_STANDARD = gnu11;
				GCC_NO_COMMON_BLOCKS = YES;
				GCC_WARN_64_TO_32_BIT_CONVERSION = YES;
				GCC_WARN_ABOUT_RETURN_TYPE = YES_ERROR;
				GCC_WARN_UNDECLARED_SELECTOR = YES;
				GCC_WARN_UNINITIALIZED_AUTOS = YES_AGGRESSIVE;
				GCC_WARN_UNUSED_FUNCTION = YES;
				GCC_WARN_UNUSED_VARIABLE = YES;
				IPHONEOS_DEPLOYMENT_TARGET = 11.0;
				MTL_ENABLE_DEBUG_INFO = NO;
				SDKROOT = iphoneos;
				SWIFT_OPTIMIZATION_LEVEL = "-Owholemodule";
				VALIDATE_PRODUCT = YES;
			};
			name = Release;
		};
		E3F4DB8A1F79F6100088E174 /* Debug */ = {
			isa = XCBuildConfiguration;
			baseConfigurationReference = 3B2820F88C8596FC71644B58 /* Pods-eSponsorship.debug.xcconfig */;
			buildSettings = {
				ASSETCATALOG_COMPILER_APPICON_NAME = AppIcon;
				CODE_SIGN_STYLE = Automatic;
				DEVELOPMENT_TEAM = KZC5853CN7;
				INFOPLIST_FILE = eSponsorship/Info.plist;
				LD_RUNPATH_SEARCH_PATHS = "$(inherited) @executable_path/Frameworks";
				PRODUCT_BUNDLE_IDENTIFIER = "com.StoryBoard-intro.eSponsorship";
				PRODUCT_NAME = "$(TARGET_NAME)";
				SWIFT_VERSION = 3.0;
				TARGETED_DEVICE_FAMILY = "1,2";
			};
			name = Debug;
		};
		E3F4DB8B1F79F6100088E174 /* Release */ = {
			isa = XCBuildConfiguration;
			baseConfigurationReference = E8D1F635BD38230403636730 /* Pods-eSponsorship.release.xcconfig */;
			buildSettings = {
				ASSETCATALOG_COMPILER_APPICON_NAME = AppIcon;
				CODE_SIGN_STYLE = Automatic;
				DEVELOPMENT_TEAM = KZC5853CN7;
				INFOPLIST_FILE = eSponsorship/Info.plist;
				LD_RUNPATH_SEARCH_PATHS = "$(inherited) @executable_path/Frameworks";
				PRODUCT_BUNDLE_IDENTIFIER = "com.StoryBoard-intro.eSponsorship";
				PRODUCT_NAME = "$(TARGET_NAME)";
				SWIFT_VERSION = 3.0;
				TARGETED_DEVICE_FAMILY = "1,2";
			};
			name = Release;
		};
/* End XCBuildConfiguration section */

/* Begin XCConfigurationList section */
		E3F4DB6F1F79F6100088E174 /* Build configuration list for PBXProject "eSponsorship" */ = {
			isa = XCConfigurationList;
			buildConfigurations = (
				E3F4DB871F79F6100088E174 /* Debug */,
				E3F4DB881F79F6100088E174 /* Release */,
			);
			defaultConfigurationIsVisible = 0;
			defaultConfigurationName = Release;
		};
		E3F4DB891F79F6100088E174 /* Build configuration list for PBXNativeTarget "eSponsorship" */ = {
			isa = XCConfigurationList;
			buildConfigurations = (
				E3F4DB8A1F79F6100088E174 /* Debug */,
				E3F4DB8B1F79F6100088E174 /* Release */,
			);
			defaultConfigurationIsVisible = 0;
			defaultConfigurationName = Release;
		};
/* End XCConfigurationList section */

/* Begin XCVersionGroup section */
		E3F4DB7E1F79F6100088E174 /* eSponsorship.xcdatamodeld */ = {
			isa = XCVersionGroup;
			children = (
				E3F4DB7F1F79F6100088E174 /* eSponsorship.xcdatamodel */,
			);
			currentVersion = E3F4DB7F1F79F6100088E174 /* eSponsorship.xcdatamodel */;
			path = eSponsorship.xcdatamodeld;
			sourceTree = "<group>";
			versionGroupType = wrapper.xcdatamodel;
		};
/* End XCVersionGroup section */
	};
	rootObject = E3F4DB6C1F79F6100088E174 /* Project object */;
}
